
Microsoft Visual Studio Solution File, Format Version 12.00
# Visual Studio Version 16
VisualStudioVersion = 16.0.31727.386
MinimumVisualStudioVersion = 10.0.40219.1
Project("{FAE04EC0-301F-11D3-BF4B-00C04F79EFBC}") = "Application", "Application\Application.csproj", "{49B35849-8200-4507-B793-7BEC4C2E1645}"
EndProject
Project("{FAE04EC0-301F-11D3-BF4B-00C04F79EFBC}") = "Domain", "Domain\Domain.csproj", "{CBDD0CD3-FD25-4340-8E56-199BA78D86DC}"
EndProject
Project("{FAE04EC0-301F-11D3-BF4B-00C04F79EFBC}") = "CrossCutting", "CrossCutting\CrossCutting.csproj", "{877DC258-2689-4B1A-9E16-73D408DA8B03}"
EndProject
Project("{FAE04EC0-301F-11D3-BF4B-00C04F79EFBC}") = "Data", "Data\Data.csproj", "{18DA37AB-EA7E-4F86-A70E-81BFE6170EF8}"
EndProject
Project("{FAE04EC0-301F-11D3-BF4B-00C04F79EFBC}") = "Services", "Services\Services.csproj", "{3D39CA5E-85A5-48CF-96B3-89AC427798D4}"
EndProject
Global
	GlobalSection(SolutionConfigurationPlatforms) = preSolution
		Debug|Any CPU = Debug|Any CPU
		Release|Any CPU = Release|Any CPU
	EndGlobalSection
	GlobalSection(ProjectConfigurationPlatforms) = postSolution
		{49B35849-8200-4507-B793-7BEC4C2E1645}.Debug|Any CPU.ActiveCfg = Debug|Any CPU
		{49B35849-8200-4507-B793-7BEC4C2E1645}.Debug|Any CPU.Build.0 = Debug|Any CPU
		{49B35849-8200-4507-B793-7BEC4C2E1645}.Release|Any CPU.ActiveCfg = Release|Any CPU
		{49B35849-8200-4507-B793-7BEC4C2E1645}.Release|Any CPU.Build.0 = Release|Any CPU
		{CBDD0CD3-FD25-4340-8E56-199BA78D86DC}.Debug|Any CPU.ActiveCfg = Debug|Any CPU
		{CBDD0CD3-FD25-4340-8E56-199BA78D86DC}.Debug|Any CPU.Build.0 = Debug|Any CPU
		{CBDD0CD3-FD25-4340-8E56-199BA78D86DC}.Release|Any CPU.ActiveCfg = Release|Any CPU
		{CBDD0CD3-FD25-4340-8E56-199BA78D86DC}.Release|Any CPU.Build.0 = Release|Any CPU
		{877DC258-2689-4B1A-9E16-73D408DA8B03}.Debug|Any CPU.ActiveCfg = Debug|Any CPU
		{877DC258-2689-4B1A-9E16-73D408DA8B03}.Debug|Any CPU.Build.0 = Debug|Any CPU
		{877DC258-2689-4B1A-9E16-73D408DA8B03}.Release|Any CPU.ActiveCfg = Release|Any CPU
		{877DC258-2689-4B1A-9E16-73D408DA8B03}.Release|Any CPU.Build.0 = Release|Any CPU
		{18DA37AB-EA7E-4F86-A70E-81BFE6170EF8}.Debug|Any CPU.ActiveCfg = Debug|Any CPU
		{18DA37AB-EA7E-4F86-A70E-81BFE6170EF8}.Debug|Any CPU.Build.0 = Debug|Any CPU
		{18DA37AB-EA7E-4F86-A70E-81BFE6170EF8}.Release|Any CPU.ActiveCfg = Release|Any CPU
		{18DA37AB-EA7E-4F86-A70E-81BFE6170EF8}.Release|Any CPU.Build.0 = Release|Any CPU
		{3D39CA5E-85A5-48CF-96B3-89AC427798D4}.Debug|Any CPU.ActiveCfg = Debug|Any CPU
		{3D39CA5E-85A5-48CF-96B3-89AC427798D4}.Debug|Any CPU.Build.0 = Debug|Any CPU
		{3D39CA5E-85A5-48CF-96B3-89AC427798D4}.Release|Any CPU.ActiveCfg = Release|Any CPU
		{3D39CA5E-85A5-48CF-96B3-89AC427798D4}.Release|Any CPU.Build.0 = Release|Any CPU
	EndGlobalSection
	GlobalSection(SolutionProperties) = preSolution
		HideSolutionNode = FALSE
	EndGlobalSection
	GlobalSection(ExtensibilityGlobals) = postSolution
		SolutionGuid = {526ED911-AA81-44A7-8F64-379A980B9691}
	EndGlobalSection
EndGlobal
